PODS:
  - Nimble (7.1.1)
  - Quick (1.3.0)

DEPENDENCIES:
  - Nimble (= 7.1.1)
  - Quick (= 1.3.0)

SPEC REPOS:
  https://github.com/cocoapods/specs.git:
    - Nimble
    - Quick

SPEC CHECKSUMS:
  Nimble: 391f07782af4b37914f9bd7b2ffbb952731b8202
  Quick: 03278013f71aa05fe9ecabc94fbcc6835f1ee76f

PODFILE CHECKSUM: f33c8746ebf721eac77bc6829bdd94f9e3b0de44

COCOAPODS: 1.5.3
