PODS:
  - CollectionKit (2.2.0):
    - CollectionKit/Core (= 2.2.0)
  - CollectionKit/Core (2.2.0)
  - CollectionKit/WobbleAnimator (2.2.0):
    - CollectionKit/Core
    - YetAnotherAnimationLibrary (~> 1.3.0)
  - YetAnotherAnimationLibrary (1.3.0)

DEPENDENCIES:
  - CollectionKit (from `../`)
  - CollectionKit/WobbleAnimator (from `../`)

SPEC REPOS:
  https://github.com/cocoapods/specs.git:
    - YetAnotherAnimationLibrary

EXTERNAL SOURCES:
  CollectionKit:
    :path: "../"

SPEC CHECKSUMS:
  CollectionKit: b565757b67da67271a1c9938d5b6cb3211216e4a
  YetAnotherAnimationLibrary: 69655d8bc9986919f334c940ddebde8e42bdd007

PODFILE CHECKSUM: ebee1e253f63ed2523d8c23e296d4f3f5c625a3d

COCOAPODS: 1.5.3
