PODS:
  - CollectionKit (2.1.0):
    - CollectionKit/Core (= 2.1.0)
  - CollectionKit/Core (2.1.0)
  - CollectionKit/WobbleAnimator (2.1.0):
    - CollectionKit/Core
    - YetAnotherAnimationLibrary
  - YetAnotherAnimationLibrary (1.2.0)

DEPENDENCIES:
  - CollectionKit (from `../`)
  - CollectionKit/WobbleAnimator (from `../`)

SPEC REPOS:
  https://github.com/cocoapods/specs.git:
    - YetAnotherAnimationLibrary

EXTERNAL SOURCES:
  CollectionKit:
    :path: "../"

SPEC CHECKSUMS:
  CollectionKit: 0135ba9cc4910fb0342f99282d00394603c1e26e
  YetAnotherAnimationLibrary: 3cb3e784cf1b4305095e0ef2c57965eb1b51b1c6

PODFILE CHECKSUM: ebee1e253f63ed2523d8c23e296d4f3f5c625a3d

COCOAPODS: 1.5.3
